lockfileVersion: 5.3

specifiers:
  ali-oss: ^6.16.0
  colors: ^1.4.0
  glob: ^7.2.0

devDependencies:
  ali-oss: 6.16.0
  colors: 1.4.0
  glob: 7.2.0

packages:

  /@tootallnate/once/1.1.2:
    resolution: {integrity: sha512-RbzJvlNzmRq5c3O09UipeuXno4tA1FE6ikOjxZK0tuxVv3412l64l5t1W5pj4+rJq9vpkm/kwiR07aZXnsKPxw==}
    engines: {node: '>= 6'}
    dev: true

  /address/1.1.2:
    resolution: {integrity: sha512-aT6camzM4xEA54YVJYSqxz1kv4IHnQZRtThJJHhUMRExaU5spC7jX5ugSwTaTgJliIgs4VhZOk7htClvQ/LmRA==}
    engines: {node: '>= 0.12.0'}
    dev: true

  /agent-base/6.0.2:
    resolution: {integrity: sha512-RZNwNclF7+MS/8bDg70amg32dyeZGZxiDuQmZxKLAlQjr3jGyLx+4Kkk58UO7D2QdgFIQCovuSuZESne6RG6XQ==}
    engines: {node: '>= 6.0.0'}
    dependencies:
      debug: 4.3.2
    transitivePeerDependencies:
      - supports-color
    dev: true

  /agentkeepalive/3.5.2:
    resolution: {integrity: sha512-e0L/HNe6qkQ7H19kTlRRqUibEAwDK5AFk6y3PtMsuut2VAH6+Q4xZml1tNDJD7kSAyqmbG/K08K5WEJYtUrSlQ==}
    engines: {node: '>= 4.0.0'}
    dependencies:
      humanize-ms: 1.2.1
    dev: true

  /ali-oss/6.16.0:
    resolution: {integrity: sha512-tK/+yEKtBBD+kMoHABxg6lCgC+Ad9HNjCln7qdL6LRYbUm+FFTKJubC4hT2FIooMBDb9tnI7My4MVreKnbJQRg==}
    engines: {node: '>=8'}
    dependencies:
      address: 1.1.2
      agentkeepalive: 3.5.2
      bowser: 1.9.4
      co-defer: 1.0.0
      copy-to: 2.0.1
      dateformat: 2.2.0
      debug: 2.6.9
      destroy: 1.0.4
      end-or-error: 1.0.1
      get-ready: 1.0.0
      humanize-ms: 1.2.1
      is-type-of: 1.2.1
      js-base64: 2.6.4
      jstoxml: 0.2.4
      merge-descriptors: 1.0.1
      mime: 2.6.0
      mz-modules: 2.1.0
      platform: 1.3.6
      pump: 3.0.0
      sdk-base: 2.0.1
      stream-http: 2.8.2
      stream-wormhole: 1.1.0
      urllib: 2.37.4
      utility: 1.17.0
      xml2js: 0.4.23
    transitivePeerDependencies:
      - co
      - supports-color
    dev: true

  /any-promise/1.3.0:
    resolution: {integrity: sha1-q8av7tzqUugJzcA3au0845Y10X8=}
    dev: true

  /ast-types/0.13.4:
    resolution: {integrity: sha512-x1FCFnFifvYDDzTaLII71vG5uvDwgtmDTEVWAxrgeiR8VjMONcCXJx7E+USjDtHlwFmt9MysbqgF9b9Vjr6w+w==}
    engines: {node: '>=4'}
    dependencies:
      tslib: 2.3.1
    dev: true

  /balanced-match/1.0.2:
    resolution: {integrity: sha512-3oSeUO0TMV67hN1AmbXsK4yaqU7tjiHlbxRDZOpH0KW9+CeX4bRAaX0Anxt0tx2MrpRpWwQaPwIlISEJhYU5Pw==}
    dev: true

  /bowser/1.9.4:
    resolution: {integrity: sha512-9IdMmj2KjigRq6oWhmwv1W36pDuA4STQZ8q6YO9um+x07xgYNCD3Oou+WP/3L1HNz7iqythGet3/p4wvc8AAwQ==}
    dev: true

  /brace-expansion/1.1.11:
    resolution: {integrity: sha512-iCuPHDFgrHX7H2vEI/5xpz07zSHB00TpugqhmYtVmMO6518mCuRMoOYFldEBl0g187ufozdaHgWKcYFb61qGiA==}
    dependencies:
      balanced-match: 1.0.2
      concat-map: 0.0.1
    dev: true

  /builtin-status-codes/3.0.0:
    resolution: {integrity: sha1-hZgoeOIbmOHGZCXgPQF0eI9Wnug=}
    dev: true

  /bytes/3.1.1:
    resolution: {integrity: sha512-dWe4nWO/ruEOY7HkUJ5gFt1DCFV9zPRoJr8pV0/ASQermOZjtq8jMjOprC0Kd10GLN+l7xaUPvxzJFWtxGu8Fg==}
    engines: {node: '>= 0.8'}
    dev: true

  /call-bind/1.0.2:
    resolution: {integrity: sha512-7O+FbCihrB5WGbFYesctwmTKae6rOiIzmz1icreWJ+0aA7LJfuqhEso2T9ncpcFtzMQtzXf2QGGueWJGTYsqrA==}
    dependencies:
      function-bind: 1.1.1
      get-intrinsic: 1.1.1
    dev: true

  /co-defer/1.0.0:
    resolution: {integrity: sha1-Pkp4eo7tawoh7ih8CU9+jeDTyBg=}
    engines: {node: '>= 0.11.14'}
    peerDependencies:
      co: '4'
    dev: true

  /colors/1.4.0:
    resolution: {integrity: sha512-a+UqTh4kgZg/SlGvfbzDHpgRu7AAQOmmqRHJnxhRZICKFUT91brVhNNt58CMWU9PsBbv3PDCZUHbVxuDiH2mtA==}
    engines: {node: '>=0.1.90'}
    dev: true

  /concat-map/0.0.1:
    resolution: {integrity: sha1-2Klr13/Wjfd5OnMDajug1UBdR3s=}
    dev: true

  /content-type/1.0.4:
    resolution: {integrity: sha512-hIP3EEPs8tB9AT1L+NUqtwOAps4mk2Zob89MWXMHjHWg9milF/j4osnnQLXBCBFBk/tvIG/tUc9mOUJiPBhPXA==}
    engines: {node: '>= 0.6'}
    dev: true

  /copy-to/2.0.1:
    resolution: {integrity: sha1-JoD7uAaKSNCGVrYJgJK9r8kG9KU=}
    dev: true

  /core-util-is/1.0.3:
    resolution: {integrity: sha512-ZQBvi1DcpJ4GDqanjucZ2Hj3wEO5pZDS89BWbkcrvdxksJorwUDDZamX9ldFkp9aw2lmBDLgkObEA4DWNJ9FYQ==}
    dev: true

  /data-uri-to-buffer/3.0.1:
    resolution: {integrity: sha512-WboRycPNsVw3B3TL559F7kuBUM4d8CgMEvk6xEJlOp7OBPjt6G7z8WMWlD2rOFZLk6OYfFIUGsCOWzcQH9K2og==}
    engines: {node: '>= 6'}
    dev: true

  /dateformat/2.2.0:
    resolution: {integrity: sha1-QGXiATz5+5Ft39gu+1Bq1MZ2kGI=}
    dev: true

  /debug/2.6.9:
    resolution: {integrity: sha512-bC7ElrdJaJnPbAP+1EotYvqZsb3ecl5wi6Bfi6BJTUcNowp6cvspg0jXznRTKDjm/E7AdgFBVeAPVMNcKGsHMA==}
    dependencies:
      ms: 2.0.0
    dev: true

  /debug/4.3.2:
    resolution: {integrity: sha512-mOp8wKcvj7XxC78zLgw/ZA+6TSgkoE2C/ienthhRD298T7UNwAg9diBpLRxC0mOezLl4B0xV7M0cCO6P/O0Xhw==}
    engines: {node: '>=6.0'}
    peerDependencies:
      supports-color: '*'
    peerDependenciesMeta:
      supports-color:
        optional: true
    dependencies:
      ms: 2.1.2
    dev: true

  /deep-is/0.1.4:
    resolution: {integrity: sha512-oIPzksmTg4/MriiaYGO+okXDT7ztn/w3Eptv/+gSIdMdKsJo0u4CfYNFJPy+4SKMuCqGw2wxnA+URMg3t8a/bQ==}
    dev: true

  /default-user-agent/1.0.0:
    resolution: {integrity: sha1-FsRu/cq6PtxF8k8r1IaLAbfCrcY=}
    engines: {node: '>= 0.10.0'}
    dependencies:
      os-name: 1.0.3
    dev: true

  /degenerator/3.0.1:
    resolution: {integrity: sha512-LFsIFEeLPlKvAKXu7j3ssIG6RT0TbI7/GhsqrI0DnHASEQjXQ0LUSYcjJteGgRGmZbl1TnMSxpNQIAiJ7Du5TQ==}
    engines: {node: '>= 6'}
    dependencies:
      ast-types: 0.13.4
      escodegen: 1.14.3
      esprima: 4.0.1
      vm2: 3.9.5
    dev: true

  /depd/1.1.2:
    resolution: {integrity: sha1-m81S4UwJd2PnSbJ0xDRu0uVgtak=}
    engines: {node: '>= 0.6'}
    dev: true

  /destroy/1.0.4:
    resolution: {integrity: sha1-l4hXRCxEdJ5CBmE+N5RiBYJqvYA=}
    dev: true

  /digest-header/0.0.1:
    resolution: {integrity: sha1-Ecz23uxXZqw3l0TZAcEsuklRS+Y=}
    engines: {node: '>= 0.10.0'}
    dependencies:
      utility: 0.1.11
    dev: true

  /ee-first/1.1.1:
    resolution: {integrity: sha1-WQxhFWsK4vTwJVcyoViyZrxWsh0=}
    dev: true

  /end-of-stream/1.4.4:
    resolution: {integrity: sha512-+uw1inIHVPQoaVuHzRyXd21icM+cnt4CzD5rW+NC1wjOUSTOs+Te7FOv7AhN7vS9x/oIyhLP5PR1H+phQAHu5Q==}
    dependencies:
      once: 1.4.0
    dev: true

  /end-or-error/1.0.1:
    resolution: {integrity: sha1-3HpiEP5403L+4kqLSJnb0VVBTcs=}
    engines: {node: '>= 0.11.14'}
    dev: true

  /escape-html/1.0.3:
    resolution: {integrity: sha1-Aljq5NPQwJdN4cFpGI7wBR0dGYg=}
    dev: true

  /escodegen/1.14.3:
    resolution: {integrity: sha512-qFcX0XJkdg+PB3xjZZG/wKSuT1PnQWx57+TVSjIMmILd2yC/6ByYElPwJnslDsuWuSAp4AwJGumarAAmJch5Kw==}
    engines: {node: '>=4.0'}
    hasBin: true
    dependencies:
      esprima: 4.0.1
      estraverse: 4.3.0
      esutils: 2.0.3
      optionator: 0.8.3
    optionalDependencies:
      source-map: 0.6.1
    dev: true

  /esprima/4.0.1:
    resolution: {integrity: sha512-eGuFFw7Upda+g4p+QHvnW0RyTX/SVeJBDM/gCtMARO0cLuT2HcEKnTPvhjV6aGeqrCB/sbNop0Kszm0jsaWU4A==}
    engines: {node: '>=4'}
    hasBin: true
    dev: true

  /estraverse/4.3.0:
    resolution: {integrity: sha512-39nnKffWz8xN1BU/2c79n9nB9HDzo0niYUqx6xyqUnyoAnQyyWpOTdZEeiCch8BBu515t4wp9ZmgVfVhn9EBpw==}
    engines: {node: '>=4.0'}
    dev: true

  /esutils/2.0.3:
    resolution: {integrity: sha512-kVscqXk4OCp68SZ0dkgEKVi6/8ij300KBWTJq32P/dYeWTSwK41WyTxalN1eRmA5Z9UU/LX9D7FWSmV9SAYx6g==}
    engines: {node: '>=0.10.0'}
    dev: true

  /extend-shallow/2.0.1:
    resolution: {integrity: sha1-Ua99YUrZqfYQ6huvu5idaxxWiQ8=}
    engines: {node: '>=0.10.0'}
    dependencies:
      is-extendable: 0.1.1
    dev: true

  /fast-levenshtein/2.0.6:
    resolution: {integrity: sha1-PYpcZog6FqMMqGQ+hR8Zuqd5eRc=}
    dev: true

  /file-uri-to-path/2.0.0:
    resolution: {integrity: sha512-hjPFI8oE/2iQPVe4gbrJ73Pp+Xfub2+WI2LlXDbsaJBwT5wuMh35WNWVYYTpnz895shtwfyutMFLFywpQAFdLg==}
    engines: {node: '>= 6'}
    dev: true

  /formstream/1.1.1:
    resolution: {integrity: sha512-yHRxt3qLFnhsKAfhReM4w17jP+U1OlhUjnKPPtonwKbIJO7oBP0MvoxkRUwb8AU9n0MIkYy5X5dK6pQnbj+R2Q==}
    dependencies:
      destroy: 1.0.4
      mime: 2.6.0
      pause-stream: 0.0.11
    dev: true

  /fs-extra/8.1.0:
    resolution: {integrity: sha512-yhlQgA6mnOJUKOsRUFsgJdQCvkKhcz8tlZG5HBQfReYZy46OwLcY+Zia0mtdHsOo9y/hP+CxMN0TU9QxoOtG4g==}
    engines: {node: '>=6 <7 || >=8'}
    dependencies:
      graceful-fs: 4.2.8
      jsonfile: 4.0.0
      universalify: 0.1.2
    dev: true

  /fs.realpath/1.0.0:
    resolution: {integrity: sha1-FQStJSMVjKpA20onh8sBQRmU6k8=}
    dev: true

  /ftp/0.3.10:
    resolution: {integrity: sha1-kZfYYa2BQvPmPVqDv+TFn3MwiF0=}
    engines: {node: '>=0.8.0'}
    dependencies:
      readable-stream: 1.1.14
      xregexp: 2.0.0
    dev: true

  /function-bind/1.1.1:
    resolution: {integrity: sha512-yIovAzMX49sF8Yl58fSCWJ5svSLuaibPxXQJFLmBObTuCr0Mf1KiPopGM9NiFjiYBCbfaa2Fh6breQ6ANVTI0A==}
    dev: true

  /get-intrinsic/1.1.1:
    resolution: {integrity: sha512-kWZrnVM42QCiEA2Ig1bG8zjoIMOgxWwYCEeNdwY6Tv/cOSeGpcoX4pXHfKUxNKVoArnrEr2e9srnAxxGIraS9Q==}
    dependencies:
      function-bind: 1.1.1
      has: 1.0.3
      has-symbols: 1.0.2
    dev: true

  /get-ready/1.0.0:
    resolution: {integrity: sha1-+RgX8emt7P6hOlYq38jeiDqzR4I=}
    dev: true

  /get-uri/3.0.2:
    resolution: {integrity: sha512-+5s0SJbGoyiJTZZ2JTpFPLMPSch72KEqGOTvQsBqg0RBWvwhWUSYZFAtz3TPW0GXJuLBJPts1E241iHg+VRfhg==}
    engines: {node: '>= 6'}
    dependencies:
      '@tootallnate/once': 1.1.2
      data-uri-to-buffer: 3.0.1
      debug: 4.3.2
      file-uri-to-path: 2.0.0
      fs-extra: 8.1.0
      ftp: 0.3.10
    transitivePeerDependencies:
      - supports-color
    dev: true

  /glob/7.2.0:
    resolution: {integrity: sha512-lmLf6gtyrPq8tTjSmrO94wBeQbFR3HbLHbuyD69wuyQkImp2hWqMGB47OX65FBkPffO641IP9jWa1z4ivqG26Q==}
    dependencies:
      fs.realpath: 1.0.0
      inflight: 1.0.6
      inherits: 2.0.4
      minimatch: 3.0.4
      once: 1.4.0
      path-is-absolute: 1.0.1
    dev: true

  /graceful-fs/4.2.8:
    resolution: {integrity: sha512-qkIilPUYcNhJpd33n0GBXTB1MMPp14TxEsEs0pTrsSVucApsYzW5V+Q8Qxhik6KU3evy+qkAAowTByymK0avdg==}
    dev: true

  /has-symbols/1.0.2:
    resolution: {integrity: sha512-chXa79rL/UC2KlX17jo3vRGz0azaWEx5tGqZg5pO3NUyEJVB17dMruQlzCCOfUvElghKcm5194+BCRvi2Rv/Gw==}
    engines: {node: '>= 0.4'}
    dev: true

  /has/1.0.3:
    resolution: {integrity: sha512-f2dvO0VU6Oej7RkWJGrehjbzMAjFp5/VKPp5tTpWIV4JHHZK1/BxbFRtf/siA2SWTe09caDmVtYYzWEIbBS4zw==}
    engines: {node: '>= 0.4.0'}
    dependencies:
      function-bind: 1.1.1
    dev: true

  /http-errors/1.8.1:
    resolution: {integrity: sha512-Kpk9Sm7NmI+RHhnj6OIWDI1d6fIoFAtFt9RLaTMRlg/8w49juAStsrBgp0Dp4OdxdVbRIeKhtCUvoi/RuAhO4g==}
    engines: {node: '>= 0.6'}
    dependencies:
      depd: 1.1.2
      inherits: 2.0.4
      setprototypeof: 1.2.0
      statuses: 1.5.0
      toidentifier: 1.0.1
    dev: true

  /http-proxy-agent/4.0.1:
    resolution: {integrity: sha512-k0zdNgqWTGA6aeIRVpvfVob4fL52dTfaehylg0Y4UvSySvOq/Y+BOyPrgpUrA7HylqvU8vIZGsRuXmspskV0Tg==}
    engines: {node: '>= 6'}
    dependencies:
      '@tootallnate/once': 1.1.2
      agent-base: 6.0.2
      debug: 4.3.2
    transitivePeerDependencies:
      - supports-color
    dev: true

  /https-proxy-agent/5.0.0:
    resolution: {integrity: sha512-EkYm5BcKUGiduxzSt3Eppko+PiNWNEpa4ySk9vTC6wDsQJW9rHSa+UhGNJoRYp7bz6Ht1eaRIa6QaJqO5rCFbA==}
    engines: {node: '>= 6'}
    dependencies:
      agent-base: 6.0.2
      debug: 4.3.2
    transitivePeerDependencies:
      - supports-color
    dev: true

  /humanize-ms/1.2.1:
    resolution: {integrity: sha1-xG4xWaKT9riW2ikxbYtv6Lt5u+0=}
    dependencies:
      ms: 2.1.3
    dev: true

  /iconv-lite/0.4.24:
    resolution: {integrity: sha512-v3MXnZAcvnywkTUEZomIActle7RXXeedOR31wwl7VlyoXO4Qi9arvSenNQWne1TcRwhCL1HwLI21bEqdpj8/rA==}
    engines: {node: '>=0.10.0'}
    dependencies:
      safer-buffer: 2.1.2
    dev: true

  /inflight/1.0.6:
    resolution: {integrity: sha1-Sb1jMdfQLQwJvJEKEHW6gWW1bfk=}
    dependencies:
      once: 1.4.0
      wrappy: 1.0.2
    dev: true

  /inherits/2.0.4:
    resolution: {integrity: sha512-k/vGaX4/Yla3WzyMCvTQOXYeIHvqOKtnqBduzTHpzpQZzAskKMhZ2K+EnBiSM9zGSoIFeMpXKxa4dYeZIQqewQ==}
    dev: true

  /ip/1.1.5:
    resolution: {integrity: sha1-vd7XARQpCCjAoDnnLvJfWq7ENUo=}
    dev: true

  /is-class-hotfix/0.0.6:
    resolution: {integrity: sha512-0n+pzCC6ICtVr/WXnN2f03TK/3BfXY7me4cjCAqT8TYXEl0+JBRoqBo94JJHXcyDSLUeWbNX8Fvy5g5RJdAstQ==}
    dev: true

  /is-extendable/0.1.1:
    resolution: {integrity: sha1-YrEQ4omkcUGOPsNqYX1HLjAd/Ik=}
    engines: {node: '>=0.10.0'}
    dev: true

  /is-type-of/1.2.1:
    resolution: {integrity: sha512-uK0kyX9LZYhSDS7H2sVJQJop1UnWPWmo5RvR3q2kFH6AUHYs7sOrVg0b4nyBHw29kRRNFofYN/JbHZDlHiItTA==}
    dependencies:
      core-util-is: 1.0.3
      is-class-hotfix: 0.0.6
      isstream: 0.1.2
    dev: true

  /isarray/0.0.1:
    resolution: {integrity: sha1-ihis/Kmo9Bd+Cav8YDiTmwXR7t8=}
    dev: true

  /isarray/1.0.0:
    resolution: {integrity: sha1-u5NdSFgsuhaMBoNJV6VKPgcSTxE=}
    dev: true

  /isstream/0.1.2:
    resolution: {integrity: sha1-R+Y/evVa+m+S4VAOaQ64uFKcCZo=}
    dev: true

  /js-base64/2.6.4:
    resolution: {integrity: sha512-pZe//GGmwJndub7ZghVHz7vjb2LgC1m8B07Au3eYqeqv9emhESByMXxaEgkUkEqJe87oBbSniGYoQNIBklc7IQ==}
    dev: true

  /jsonfile/4.0.0:
    resolution: {integrity: sha1-h3Gq4HmbZAdrdmQPygWPnBDjPss=}
    optionalDependencies:
      graceful-fs: 4.2.8
    dev: true

  /jstoxml/0.2.4:
    resolution: {integrity: sha1-/z+2eFaIOgMpU8fOjOdIYhD0hEc=}
    engines: {node: '>=0.2.0'}
    dev: true

  /ko-sleep/1.1.4:
    resolution: {integrity: sha512-s05WGpvvzyTuRlRE8fM7ru2Z3O+InbJuBcckTWKg2W+2c1k6SnFa3IfiSSt0/peFrlYAXgNoxuJWWVNmWh+K/A==}
    dependencies:
      ms: 2.1.3
    dev: true

  /levn/0.3.0:
    resolution: {integrity: sha1-OwmSTt+fCDwEkP3UwLxEIeBHZO4=}
    engines: {node: '>= 0.8.0'}
    dependencies:
      prelude-ls: 1.1.2
      type-check: 0.3.2
    dev: true

  /lru-cache/5.1.1:
    resolution: {integrity: sha512-KpNARQA3Iwv+jTA0utUVVbrh+Jlrr1Fv0e56GGzAFOXN7dk/FviaDW8LHmK52DlcH4WP2n6gI8vN1aesBFgo9w==}
    dependencies:
      yallist: 3.1.1
    dev: true

  /merge-descriptors/1.0.1:
    resolution: {integrity: sha1-sAqqVW3YtEVoFQ7J0blT8/kMu2E=}
    dev: true

  /mime/2.6.0:
    resolution: {integrity: sha512-USPkMeET31rOMiarsBNIHZKLGgvKc/LrjofAnBlOttf5ajRvqiRA8QsenbcooctK6d6Ts6aqZXBA+XbkKthiQg==}
    engines: {node: '>=4.0.0'}
    hasBin: true
    dev: true

  /minimatch/3.0.4:
    resolution: {integrity: sha512-yJHVQEhyqPLUTgt9B83PXu6W3rx4MvvHvSUvToogpwoGDOUQ+yDrR0HRot+yOCdCO7u4hX3pWft6kWBBcqh0UA==}
    dependencies:
      brace-expansion: 1.1.11
    dev: true

  /minimist/1.2.5:
    resolution: {integrity: sha512-FM9nNUYrRBAELZQT3xeZQ7fmMOBg6nWNmJKTcgsJeaLstP/UODVpGsr5OhXhhXg6f+qtJ8uiZ+PUxkDWcgIXLw==}
    dev: true

  /mkdirp/0.5.5:
    resolution: {integrity: sha512-NKmAlESf6jMGym1++R0Ra7wvhV+wFW63FaSOFPwRahvea0gMUcGUhVeAg/0BC0wiv9ih5NYPB1Wn1UEI1/L+xQ==}
    hasBin: true
    dependencies:
      minimist: 1.2.5
    dev: true

  /ms/2.0.0:
    resolution: {integrity: sha1-VgiurfwAvmwpAd9fmGF4jeDVl8g=}
    dev: true

  /ms/2.1.2:
    resolution: {integrity: sha512-sGkPx+VjMtmA6MX27oA4FBFELFCZZ4S4XqeGOXCv68tT+jb3vk/RyaKWP0PTKyWtmLSM0b+adUTEvbs1PEaH2w==}
    dev: true

  /ms/2.1.3:
    resolution: {integrity: sha512-6FlzubTLZG3J2a/NVCAleEhjzq5oxgHyaCU9yYXvcLsvoVaHJq/s5xXI6/XXP6tz7R9xAOtHnSO/tXtF3WRTlA==}
    dev: true

  /mz-modules/2.1.0:
    resolution: {integrity: sha512-sjk8lcRW3vrVYnZ+W+67L/2rL+jbO5K/N6PFGIcLWTiYytNr22Ah9FDXFs+AQntTM1boZcoHi5qS+CV1seuPog==}
    engines: {node: '>=6.0.0'}
    dependencies:
      glob: 7.2.0
      ko-sleep: 1.1.4
      mkdirp: 0.5.5
      pump: 3.0.0
      rimraf: 2.7.1
    dev: true

  /mz/2.7.0:
    resolution: {integrity: sha512-z81GNO7nnYMEhrGh9LeymoE4+Yr0Wn5McHIZMK5cfQCl+NDX08sCZgUc9/6MHni9IWuFLm1Z3HTCXu2z9fN62Q==}
    dependencies:
      any-promise: 1.3.0
      object-assign: 4.1.1
      thenify-all: 1.6.0
    dev: true

  /netmask/2.0.2:
    resolution: {integrity: sha512-dBpDMdxv9Irdq66304OLfEmQ9tbNRFnFTuZiLo+bD+r332bBmMJ8GBLXklIXXgxd3+v9+KUnZaUR5PJMa75Gsg==}
    engines: {node: '>= 0.4.0'}
    dev: true

  /object-assign/4.1.1:
    resolution: {integrity: sha1-IQmtx5ZYh8/AXLvUQsrIv7s2CGM=}
    engines: {node: '>=0.10.0'}
    dev: true

  /object-inspect/1.11.0:
    resolution: {integrity: sha512-jp7ikS6Sd3GxQfZJPyH3cjcbJF6GZPClgdV+EFygjFLQ5FmW/dRUnTd9PQ9k0JhoNDabWFbpF1yCdSWCC6gexg==}
    dev: true

  /once/1.4.0:
    resolution: {integrity: sha1-WDsap3WWHUsROsF9nFC6753Xa9E=}
    dependencies:
      wrappy: 1.0.2
    dev: true

  /optionator/0.8.3:
    resolution: {integrity: sha512-+IW9pACdk3XWmmTXG8m3upGUJst5XRGzxMRjXzAuJ1XnIFNvfhjjIuYkDvysnPQ7qzqVzLt78BCruntqRhWQbA==}
    engines: {node: '>= 0.8.0'}
    dependencies:
      deep-is: 0.1.4
      fast-levenshtein: 2.0.6
      levn: 0.3.0
      prelude-ls: 1.1.2
      type-check: 0.3.2
      word-wrap: 1.2.3
    dev: true

  /os-name/1.0.3:
    resolution: {integrity: sha1-GzefZINa98Wn9JizV8uVIVwVnt8=}
    engines: {node: '>=0.10.0'}
    hasBin: true
    dependencies:
      osx-release: 1.1.0
      win-release: 1.1.1
    dev: true

  /osx-release/1.1.0:
    resolution: {integrity: sha1-8heRGigTaUmvG/kwiyQeJzfTzWw=}
    engines: {node: '>=0.10.0'}
    hasBin: true
    dependencies:
      minimist: 1.2.5
    dev: true

  /pac-proxy-agent/5.0.0:
    resolution: {integrity: sha512-CcFG3ZtnxO8McDigozwE3AqAw15zDvGH+OjXO4kzf7IkEKkQ4gxQ+3sdF50WmhQ4P/bVusXcqNE2S3XrNURwzQ==}
    engines: {node: '>= 8'}
    dependencies:
      '@tootallnate/once': 1.1.2
      agent-base: 6.0.2
      debug: 4.3.2
      get-uri: 3.0.2
      http-proxy-agent: 4.0.1
      https-proxy-agent: 5.0.0
      pac-resolver: 5.0.0
      raw-body: 2.4.2
      socks-proxy-agent: 5.0.1
    transitivePeerDependencies:
      - supports-color
    dev: true

  /pac-resolver/5.0.0:
    resolution: {integrity: sha512-H+/A6KitiHNNW+bxBKREk2MCGSxljfqRX76NjummWEYIat7ldVXRU3dhRIE3iXZ0nvGBk6smv3nntxKkzRL8NA==}
    engines: {node: '>= 8'}
    dependencies:
      degenerator: 3.0.1
      ip: 1.1.5
      netmask: 2.0.2
    dev: true

  /path-is-absolute/1.0.1:
    resolution: {integrity: sha1-F0uSaHNVNP+8es5r9TpanhtcX18=}
    engines: {node: '>=0.10.0'}
    dev: true

  /pause-stream/0.0.11:
    resolution: {integrity: sha1-/lo0sMvOErWqaitAPuLnO2AvFEU=}
    dependencies:
      through: 2.3.8
    dev: true

  /platform/1.3.6:
    resolution: {integrity: sha512-fnWVljUchTro6RiCFvCXBbNhJc2NijN7oIQxbwsyL0buWJPG85v81ehlHI9fXrJsMNgTofEoWIQeClKpgxFLrg==}
    dev: true

  /prelude-ls/1.1.2:
    resolution: {integrity: sha1-IZMqVJ9eUv/ZqCf1cOBL5iqX2lQ=}
    engines: {node: '>= 0.8.0'}
    dev: true

  /process-nextick-args/2.0.1:
    resolution: {integrity: sha512-3ouUOpQhtgrbOa17J7+uxOTpITYWaGP7/AhoR3+A+/1e9skrzelGi/dXzEYyvbxubEF6Wn2ypscTKiKJFFn1ag==}
    dev: true

  /proxy-agent/5.0.0:
    resolution: {integrity: sha512-gkH7BkvLVkSfX9Dk27W6TyNOWWZWRilRfk1XxGNWOYJ2TuedAv1yFpCaU9QSBmBe716XOTNpYNOzhysyw8xn7g==}
    engines: {node: '>= 8'}
    dependencies:
      agent-base: 6.0.2
      debug: 4.3.2
      http-proxy-agent: 4.0.1
      https-proxy-agent: 5.0.0
      lru-cache: 5.1.1
      pac-proxy-agent: 5.0.0
      proxy-from-env: 1.1.0
      socks-proxy-agent: 5.0.1
    transitivePeerDependencies:
      - supports-color
    dev: true

  /proxy-from-env/1.1.0:
    resolution: {integrity: sha512-D+zkORCbA9f1tdWRK0RaCR3GPv50cMxcrz4X8k5LTSUD1Dkw47mKJEZQNunItRTkWwgtaUSo1RVFRIG9ZXiFYg==}
    dev: true

  /pump/3.0.0:
    resolution: {integrity: sha512-LwZy+p3SFs1Pytd/jYct4wpv49HiYCqd9Rlc5ZVdk0V+8Yzv6jR5Blk3TRmPL1ft69TxP0IMZGJ+WPFU2BFhww==}
    dependencies:
      end-of-stream: 1.4.4
      once: 1.4.0
    dev: true

  /qs/6.10.1:
    resolution: {integrity: sha512-M528Hph6wsSVOBiYUnGf+K/7w0hNshs/duGsNXPUCLH5XAqjEtiPGwNONLV0tBH8NoGb0mvD5JubnUTrujKDTg==}
    engines: {node: '>=0.6'}
    dependencies:
      side-channel: 1.0.4
    dev: true

  /raw-body/2.4.2:
    resolution: {integrity: sha512-RPMAFUJP19WIet/99ngh6Iv8fzAbqum4Li7AD6DtGaW2RpMB/11xDoalPiJMTbu6I3hkbMVkATvZrqb9EEqeeQ==}
    engines: {node: '>= 0.8'}
    dependencies:
      bytes: 3.1.1
      http-errors: 1.8.1
      iconv-lite: 0.4.24
      unpipe: 1.0.0
    dev: true

  /readable-stream/1.1.14:
    resolution: {integrity: sha1-fPTFTvZI44EwhMY23SB54WbAgdk=}
    dependencies:
      core-util-is: 1.0.3
      inherits: 2.0.4
      isarray: 0.0.1
      string_decoder: 0.10.31
    dev: true

  /readable-stream/2.3.7:
    resolution: {integrity: sha512-Ebho8K4jIbHAxnuxi7o42OrZgF/ZTNcsZj6nRKyUmkhLFq8CHItp/fy6hQZuZmP/n3yZ9VBUbp4zz/mX8hmYPw==}
    dependencies:
      core-util-is: 1.0.3
      inherits: 2.0.4
      isarray: 1.0.0
      process-nextick-args: 2.0.1
      safe-buffer: 5.1.2
      string_decoder: 1.1.1
      util-deprecate: 1.0.2
    dev: true

  /rimraf/2.7.1:
    resolution: {integrity: sha512-uWjbaKIK3T1OSVptzX7Nl6PvQ3qAGtKEtVRjRuazjfL3Bx5eI409VZSqgND+4UNnmzLVdPj9FqFJNPqBZFve4w==}
    hasBin: true
    dependencies:
      glob: 7.2.0
    dev: true

  /safe-buffer/5.1.2:
    resolution: {integrity: sha512-Gd2UZBJDkXlY7GbJxfsE8/nvKkUEU1G38c1siN6QP6a9PT9MmHB8GnpscSmMJSoF8LOIrt8ud/wPtojys4G6+g==}
    dev: true

  /safer-buffer/2.1.2:
    resolution: {integrity: sha512-YZo3K82SD7Riyi0E1EQPojLz7kpepnSQI9IyPbHHg1XXXevb5dJI7tpyN2ADxGcQbHG7vcyRHk0cbwqcQriUtg==}
    dev: true

  /sax/1.2.4:
    resolution: {integrity: sha512-NqVDv9TpANUjFm0N8uM5GxL36UgKi9/atZw+x7YFnQ8ckwFGKrl4xX4yWtrey3UJm5nP1kUbnYgLopqWNSRhWw==}
    dev: true

  /sdk-base/2.0.1:
    resolution: {integrity: sha1-ukAonovfJy7RHdnql+r5jgNtJMY=}
    dependencies:
      get-ready: 1.0.0
    dev: true

  /semver/5.7.1:
    resolution: {integrity: sha512-sauaDf/PZdVgrLTNYHRtpXa1iRiKcaebiKQ1BJdpQlWH2lCvexQdX55snPFyK7QzpudqbCI0qXFfOasHdyNDGQ==}
    hasBin: true
    dev: true

  /setprototypeof/1.2.0:
    resolution: {integrity: sha512-E5LDX7Wrp85Kil5bhZv46j8jOeboKq5JMmYM3gVGdGH8xFpPWXUMsNrlODCrkoxMEeNi/XZIwuRvY4XNwYMJpw==}
    dev: true

  /side-channel/1.0.4:
    resolution: {integrity: sha512-q5XPytqFEIKHkGdiMIrY10mvLRvnQh42/+GoBlFW3b2LXLE2xxJpZFdm94we0BaoV3RwJyGqg5wS7epxTv0Zvw==}
    dependencies:
      call-bind: 1.0.2
      get-intrinsic: 1.1.1
      object-inspect: 1.11.0
    dev: true

  /smart-buffer/4.2.0:
    resolution: {integrity: sha512-94hK0Hh8rPqQl2xXc3HsaBoOXKV20MToPkcXvwbISWLEs+64sBq5kFgn2kJDHb1Pry9yrP0dxrCI9RRci7RXKg==}
    engines: {node: '>= 6.0.0', npm: '>= 3.0.0'}
    dev: true

  /socks-proxy-agent/5.0.1:
    resolution: {integrity: sha512-vZdmnjb9a2Tz6WEQVIurybSwElwPxMZaIc7PzqbJTrezcKNznv6giT7J7tZDZ1BojVaa1jvO/UiUdhDVB0ACoQ==}
    engines: {node: '>= 6'}
    dependencies:
      agent-base: 6.0.2
      debug: 4.3.2
      socks: 2.6.1
    transitivePeerDependencies:
      - supports-color
    dev: true

  /socks/2.6.1:
    resolution: {integrity: sha512-kLQ9N5ucj8uIcxrDwjm0Jsqk06xdpBjGNQtpXy4Q8/QY2k+fY7nZH8CARy+hkbG+SGAovmzzuauCpBlb8FrnBA==}
    engines: {node: '>= 10.13.0', npm: '>= 3.0.0'}
    dependencies:
      ip: 1.1.5
      smart-buffer: 4.2.0
    dev: true

  /source-map/0.6.1:
    resolution: {integrity: sha512-UjgapumWlbMhkBgzT7Ykc5YXUT46F0iKu8SGXq0bcwP5dz/h0Plj6enJqjz1Zbq2l5WaqYnrVbwWOWMyF3F47g==}
    engines: {node: '>=0.10.0'}
    requiresBuild: true
    dev: true
    optional: true

  /statuses/1.5.0:
    resolution: {integrity: sha1-Fhx9rBd2Wf2YEfQ3cfqZOBR4Yow=}
    engines: {node: '>= 0.6'}
    dev: true

  /stream-http/2.8.2:
    resolution: {integrity: sha512-QllfrBhqF1DPcz46WxKTs6Mz1Bpc+8Qm6vbqOpVav5odAXwbyzwnEczoWqtxrsmlO+cJqtPrp/8gWKWjaKLLlA==}
    dependencies:
      builtin-status-codes: 3.0.0
      inherits: 2.0.4
      readable-stream: 2.3.7
      to-arraybuffer: 1.0.1
      xtend: 4.0.2
    dev: true

  /stream-wormhole/1.1.0:
    resolution: {integrity: sha512-gHFfL3px0Kctd6Po0M8TzEvt3De/xu6cnRrjlfYNhwbhLPLwigI2t1nc6jrzNuaYg5C4YF78PPFuQPzRiqn9ew==}
    engines: {node: '>=4.0.0'}
    dev: true

  /string_decoder/0.10.31:
    resolution: {integrity: sha1-YuIDvEF2bGwoyfyEMB2rHFMQ+pQ=}
    dev: true

  /string_decoder/1.1.1:
    resolution: {integrity: sha512-n/ShnvDi6FHbbVfviro+WojiFzv+s8MPMHBczVePfUpDJLwoLT0ht1l4YwBCbi8pJAveEEdnkHyPyTP/mzRfwg==}
    dependencies:
      safe-buffer: 5.1.2
    dev: true

  /thenify-all/1.6.0:
    resolution: {integrity: sha1-GhkY1ALY/D+Y+/I02wvMjMEOlyY=}
    engines: {node: '>=0.8'}
    dependencies:
      thenify: 3.3.1
    dev: true

  /thenify/3.3.1:
    resolution: {integrity: sha512-RVZSIV5IG10Hk3enotrhvz0T9em6cyHBLkH/YAZuKqd8hRkKhSfCGIcP2KUY0EPxndzANBmNllzWPwak+bheSw==}
    dependencies:
      any-promise: 1.3.0
    dev: true

  /through/2.3.8:
    resolution: {integrity: sha1-DdTJ/6q8NXlgsbckEV1+Doai4fU=}
    dev: true

  /to-arraybuffer/1.0.1:
    resolution: {integrity: sha1-fSKbH8xjfkZsoIEYCDanqr/4P0M=}
    dev: true

  /toidentifier/1.0.1:
    resolution: {integrity: sha512-o5sSPKEkg/DIQNmH43V0/uerLrpzVedkUh8tGNvaeXpfpuwjKenlSox/2O/BTlZUtEe+JG7s5YhEz608PlAHRA==}
    engines: {node: '>=0.6'}
    dev: true

  /tslib/2.3.1:
    resolution: {integrity: sha512-77EbyPPpMz+FRFRuAFlWMtmgUWGe9UOG2Z25NqCwiIjRhOf5iKGuzSe5P2w1laq+FkRy4p+PCuVkJSGkzTEKVw==}
    dev: true

  /type-check/0.3.2:
    resolution: {integrity: sha1-WITKtRLPHTVeP7eE8wgEsrUg23I=}
    engines: {node: '>= 0.8.0'}
    dependencies:
      prelude-ls: 1.1.2
    dev: true

  /unescape/1.0.1:
    resolution: {integrity: sha512-O0+af1Gs50lyH1nUu3ZyYS1cRh01Q/kUKatTOkSs7jukXE6/NebucDVxyiDsA9AQ4JC1V1jUH9EO8JX2nMDgGQ==}
    engines: {node: '>=0.10.0'}
    dependencies:
      extend-shallow: 2.0.1
    dev: true

  /universalify/0.1.2:
    resolution: {integrity: sha512-rBJeI5CXAlmy1pV+617WB9J63U6XcazHHF2f2dbJix4XzpUF0RS3Zbj0FGIOCAva5P/d/GBOYaACQ1w+0azUkg==}
    engines: {node: '>= 4.0.0'}
    dev: true

  /unpipe/1.0.0:
    resolution: {integrity: sha1-sr9O6FFKrmFltIF4KdIbLvSZBOw=}
    engines: {node: '>= 0.8'}
    dev: true

  /urllib/2.37.4:
    resolution: {integrity: sha512-1l+eKrnE5d0TyNeaMw0cxLjA+1jGjacJYxvZ+ZP7l99kSv+dZmP5KTyp3KRV33pw0fsyqAY+rokCpfTFfwVfug==}
    engines: {node: '>= 0.10.0'}
    dependencies:
      any-promise: 1.3.0
      content-type: 1.0.4
      debug: 2.6.9
      default-user-agent: 1.0.0
      digest-header: 0.0.1
      ee-first: 1.1.1
      formstream: 1.1.1
      humanize-ms: 1.2.1
      iconv-lite: 0.4.24
      ip: 1.1.5
      proxy-agent: 5.0.0
      pump: 3.0.0
      qs: 6.10.1
      statuses: 1.5.0
      utility: 1.17.0
    transitivePeerDependencies:
      - supports-color
    dev: true

  /util-deprecate/1.0.2:
    resolution: {integrity: sha1-RQ1Nyfpw3nMnYvvS1KKJgUGaDM8=}
    dev: true

  /utility/0.1.11:
    resolution: {integrity: sha1-/eYM+bTkdRlHoM9dEEzik2ciZxU=}
    engines: {node: '>= 0.8.0'}
    dependencies:
      address: 1.1.2
    dev: true

  /utility/1.17.0:
    resolution: {integrity: sha512-KdVkF9An/0239BJ4+dqOa7NPrPIOeQE9AGfx0XS16O9DBiHNHRJMoeU5nL6pRGAkgJOqdOu8R4gBRcXnAocJKw==}
    engines: {node: '>= 0.12.0'}
    dependencies:
      copy-to: 2.0.1
      escape-html: 1.0.3
      mkdirp: 0.5.5
      mz: 2.7.0
      unescape: 1.0.1
    dev: true

  /vm2/3.9.5:
    resolution: {integrity: sha512-LuCAHZN75H9tdrAiLFf030oW7nJV5xwNMuk1ymOZwopmuK3d2H4L1Kv4+GFHgarKiLfXXLFU+7LDABHnwOkWng==}
    engines: {node: '>=6.0'}
    hasBin: true
    dev: true

  /win-release/1.1.1:
    resolution: {integrity: sha1-X6VeAr58qTTt/BJmVjLoSbcuUgk=}
    engines: {node: '>=0.10.0'}
    dependencies:
      semver: 5.7.1
    dev: true

  /word-wrap/1.2.3:
    resolution: {integrity: sha512-Hz/mrNwitNRh/HUAtM/VT/5VH+ygD6DV7mYKZAtHOrbs8U7lvPS6xf7EJKMF0uW1KJCl0H701g3ZGus+muE5vQ==}
    engines: {node: '>=0.10.0'}
    dev: true

  /wrappy/1.0.2:
    resolution: {integrity: sha1-tSQ9jz7BqjXxNkYFvA0QNuMKtp8=}
    dev: true

  /xml2js/0.4.23:
    resolution: {integrity: sha512-ySPiMjM0+pLDftHgXY4By0uswI3SPKLDw/i3UXbnO8M/p28zqexCUoPmQFrYD+/1BzhGJSs2i1ERWKJAtiLrug==}
    engines: {node: '>=4.0.0'}
    dependencies:
      sax: 1.2.4
      xmlbuilder: 11.0.1
    dev: true

  /xmlbuilder/11.0.1:
    resolution: {integrity: sha512-fDlsI/kFEx7gLvbecc0/ohLG50fugQp8ryHzMTuW9vSa1GJ0XYWKnhsUx7oie3G98+r56aTQIUB4kht42R3JvA==}
    engines: {node: '>=4.0'}
    dev: true

  /xregexp/2.0.0:
    resolution: {integrity: sha1-UqY+VsoLhKfzpfPWGHLxJq16WUM=}
    dev: true

  /xtend/4.0.2:
    resolution: {integrity: sha512-LKYU1iAXJXUgAXn9URjiu+MWhyUXHsvfp7mcuYm9dSUKK0/CjtrUwFAxD82/mCWbtLsGjFIad0wIsod4zrTAEQ==}
    engines: {node: '>=0.4'}
    dev: true

  /yallist/3.1.1:
    resolution: {integrity: sha512-a4UGQaWPH59mOXUYnAG2ewncQS4i4F43Tv3JoAM+s2VDAmS9NsK8GpDMLrCHPksFT7h3K6TOoUNn2pb7RoXx4g==}
    dev: true
